
Microsoft Visual Studio Solution File, Format Version 12.00
# Visual Studio Version 17
VisualStudioVersion = 17.8.34408.163
MinimumVisualStudioVersion = 10.0.40219.1
Project("{FAE04EC0-301F-11D3-BF4B-00C04F79EFBC}") = "MotorcycleCatalog", "MotorcycleCatalog\MotorcycleCatalog.csproj", "{A46CFD7C-7ADC-4FF8-B918-5E3FB8D6419A}"
EndProject
Project("{FAE04EC0-301F-11D3-BF4B-00C04F79EFBC}") = "MotorcycleCatalogMVC", "MotorcycleCatalogMVC\MotorcycleCatalogMVC.csproj", "{7802E4A6-EE13-4CFB-8026-8F04138ED457}"
EndProject
Global
	GlobalSection(SolutionConfigurationPlatforms) = preSolution
		Debug|Any CPU = Debug|Any CPU
		Release|Any CPU = Release|Any CPU
	EndGlobalSection
	GlobalSection(ProjectConfigurationPlatforms) = postSolution
		{A46CFD7C-7ADC-4FF8-B918-5E3FB8D6419A}.Debug|Any CPU.ActiveCfg = Debug|Any CPU
		{A46CFD7C-7ADC-4FF8-B918-5E3FB8D6419A}.Debug|Any CPU.Build.0 = Debug|Any CPU
		{A46CFD7C-7ADC-4FF8-B918-5E3FB8D6419A}.Release|Any CPU.ActiveCfg = Release|Any CPU
		{A46CFD7C-7ADC-4FF8-B918-5E3FB8D6419A}.Release|Any CPU.Build.0 = Release|Any CPU
		{7802E4A6-EE13-4CFB-8026-8F04138ED457}.Debug|Any CPU.ActiveCfg = Debug|Any CPU
		{7802E4A6-EE13-4CFB-8026-8F04138ED457}.Debug|Any CPU.Build.0 = Debug|Any CPU
		{7802E4A6-EE13-4CFB-8026-8F04138ED457}.Release|Any CPU.ActiveCfg = Release|Any CPU
		{7802E4A6-EE13-4CFB-8026-8F04138ED457}.Release|Any CPU.Build.0 = Release|Any CPU
	EndGlobalSection
	GlobalSection(SolutionProperties) = preSolution
		HideSolutionNode = FALSE
	EndGlobalSection
	GlobalSection(ExtensibilityGlobals) = postSolution
		SolutionGuid = {810872EC-2919-40B2-8BB6-C31B8A0152E3}
	EndGlobalSection
EndGlobal
